
Microsoft Visual Studio Solution File, Format Version 12.00
# Visual Studio 15
VisualStudioVersion = 15.0.27428.2011
MinimumVisualStudioVersion = 10.0.40219.1
Project("{FAE04EC0-301F-11D3-BF4B-00C04F79EFBC}") = "Trivago", "Trivago\Trivago.csproj", "{9F1C20F0-0632-4F46-88BD-3F97CFEC577E}"
EndProject
Global
	GlobalSection(SolutionConfigurationPlatforms) = preSolution
		Debug|Any CPU = Debug|Any CPU
		Release|Any CPU = Release|Any CPU
	EndGlobalSection
	GlobalSection(ProjectConfigurationPlatforms) = postSolution
		{9F1C20F0-0632-4F46-88BD-3F97CFEC577E}.Debug|Any CPU.ActiveCfg = Debug|Any CPU
		{9F1C20F0-0632-4F46-88BD-3F97CFEC577E}.Debug|Any CPU.Build.0 = Debug|Any CPU
		{9F1C20F0-0632-4F46-88BD-3F97CFEC577E}.Release|Any CPU.ActiveCfg = Release|Any CPU
		{9F1C20F0-0632-4F46-88BD-3F97CFEC577E}.Release|Any CPU.Build.0 = Release|Any CPU
	EndGlobalSection
	GlobalSection(SolutionProperties) = preSolution
		HideSolutionNode = FALSE
	EndGlobalSection
	GlobalSection(ExtensibilityGlobals) = postSolution
		SolutionGuid = {77E11655-7EFA-40C3-8E6D-EEF907DA8798}
	EndGlobalSection
EndGlobal
